// !$*UTF8*$!
{
	archiveVersion = 1;
	classes = {
	};
	objectVersion = 55;
	objects = {

/* Begin PBXBuildFile section */
		865B408528350FBB006B7ACF /* AppLogo.swift in Sources */ = {isa = PBXBuildFile; fileRef = 865B408428350FBB006B7ACF /* AppLogo.swift */; };
		865B408A28351033006B7ACF /* PasswordTextField.swift in Sources */ = {isa = PBXBuildFile; fileRef = 865B408928351033006B7ACF /* PasswordTextField.swift */; };
		865B408C2835109F006B7ACF /* RangeSlider.swift in Sources */ = {isa = PBXBuildFile; fileRef = 865B408B2835109F006B7ACF /* RangeSlider.swift */; };
		865B408E283512D7006B7ACF /* RoundedButton.swift in Sources */ = {isa = PBXBuildFile; fileRef = 865B408D283512D7006B7ACF /* RoundedButton.swift */; };
		865B4092283514BD006B7ACF /* Fonts-Enum.swift in Sources */ = {isa = PBXBuildFile; fileRef = 865B4091283514BD006B7ACF /* Fonts-Enum.swift */; };
		865B40952835155B006B7ACF /* SFSymbols-Enum.swift in Sources */ = {isa = PBXBuildFile; fileRef = 865B40942835155B006B7ACF /* SFSymbols-Enum.swift */; };
		865B409728351709006B7ACF /* GeneratorViewViewModel.swift in Sources */ = {isa = PBXBuildFile; fileRef = 865B409628351709006B7ACF /* GeneratorViewViewModel.swift */; };
		867396B528D8B34800B972A7 /* Plurals-en_EN.stringsdict in Resources */ = {isa = PBXBuildFile; fileRef = 867396B428D8B34800B972A7 /* Plurals-en_EN.stringsdict */; };
		867396B728D8B63600B972A7 /* Plurals-fr_FR.stringsdict in Resources */ = {isa = PBXBuildFile; fileRef = 867396B628D8B63600B972A7 /* Plurals-fr_FR.stringsdict */; };
		8673F5132840E54600EB28BB /* AboutView.swift in Sources */ = {isa = PBXBuildFile; fileRef = 8673F5122840E54600EB28BB /* AboutView.swift */; };
		8673F5152840E9F900EB28BB /* LogoCard.swift in Sources */ = {isa = PBXBuildFile; fileRef = 8673F5142840E9F900EB28BB /* LogoCard.swift */; };
		8673F5172840ED0200EB28BB /* SFSafariViewWrapper.swift in Sources */ = {isa = PBXBuildFile; fileRef = 8673F5162840ED0200EB28BB /* SFSafariViewWrapper.swift */; };
		8673F5192840EFE300EB28BB /* Logo-Enum.swift in Sources */ = {isa = PBXBuildFile; fileRef = 8673F5182840EFE300EB28BB /* Logo-Enum.swift */; };
		8673F5282840F1A000EB28BB /* DonateView.swift in Sources */ = {isa = PBXBuildFile; fileRef = 8673F5272840F1A000EB28BB /* DonateView.swift */; };
		867FC34828357708009476D0 /* Localizable.strings in Resources */ = {isa = PBXBuildFile; fileRef = 867FC34A28357708009476D0 /* Localizable.strings */; };
		867FC34D28357893009476D0 /* i18n-Enum.swift in Sources */ = {isa = PBXBuildFile; fileRef = 867FC34C28357893009476D0 /* i18n-Enum.swift */; };
		867FC34F28357ED2009476D0 /* Double+Ext.swift in Sources */ = {isa = PBXBuildFile; fileRef = 867FC34E28357ED2009476D0 /* Double+Ext.swift */; };
		868C908E2840127700035F21 /* PasswordStrengthViewModel.swift in Sources */ = {isa = PBXBuildFile; fileRef = 868C908D2840127700035F21 /* PasswordStrengthViewModel.swift */; };
		868C90902840154D00035F21 /* ReviewHandler.swift in Sources */ = {isa = PBXBuildFile; fileRef = 868C908F2840154D00035F21 /* ReviewHandler.swift */; };
		868C909428401A2D00035F21 /* MoreViewViewModel.swift in Sources */ = {isa = PBXBuildFile; fileRef = 868C909328401A2D00035F21 /* MoreViewViewModel.swift */; };
		868F2C1C283FBD5900517D1F /* FormButton.swift in Sources */ = {isa = PBXBuildFile; fileRef = 868F2C1B283FBD5900517D1F /* FormButton.swift */; };
		868F2C1E283FBEDD00517D1F /* PasswordStrengthView.swift in Sources */ = {isa = PBXBuildFile; fileRef = 868F2C1D283FBEDD00517D1F /* PasswordStrengthView.swift */; };
		868F2C20283FC3E400517D1F /* StrengthCard.swift in Sources */ = {isa = PBXBuildFile; fileRef = 868F2C1F283FC3E400517D1F /* StrengthCard.swift */; };
		868F2C22283FC59500517D1F /* PWText.swift in Sources */ = {isa = PBXBuildFile; fileRef = 868F2C21283FC59500517D1F /* PWText.swift */; };
		86A1DA6A283CD02A00C636DD /* View+Ext.swift in Sources */ = {isa = PBXBuildFile; fileRef = 86A1DA69283CD02A00C636DD /* View+Ext.swift */; };
		86A1DA6C283CD68300C636DD /* SwiftUISlider.swift in Sources */ = {isa = PBXBuildFile; fileRef = 86A1DA6B283CD68300C636DD /* SwiftUISlider.swift */; };
		86B1DD042846321D000F4704 /* DismissButton.swift in Sources */ = {isa = PBXBuildFile; fileRef = 86B1DD032846321D000F4704 /* DismissButton.swift */; };
		86B799DB2834149800B27498 /* MyPass_WApp.swift in Sources */ = {isa = PBXBuildFile; fileRef = 86B799DA2834149800B27498 /* MyPass_WApp.swift */; };
		86B799DD2834149800B27498 /* GeneratorView.swift in Sources */ = {isa = PBXBuildFile; fileRef = 86B799DC2834149800B27498 /* GeneratorView.swift */; };
		86B799DF2834149900B27498 /* Assets.xcassets in Resources */ = {isa = PBXBuildFile; fileRef = 86B799DE2834149900B27498 /* Assets.xcassets */; };
		86B799E22834149900B27498 /* Preview Assets.xcassets in Resources */ = {isa = PBXBuildFile; fileRef = 86B799E12834149900B27498 /* Preview Assets.xcassets */; };
		86CA7E62283EBD8300400DDA /* MoreView.swift in Sources */ = {isa = PBXBuildFile; fileRef = 86CA7E61283EBD8300400DDA /* MoreView.swift */; };
		86CA7E64283EC01B00400DDA /* TabBar.swift in Sources */ = {isa = PBXBuildFile; fileRef = 86CA7E63283EC01B00400DDA /* TabBar.swift */; };
		86E2193928353C280045A799 /* String+Ext.swift in Sources */ = {isa = PBXBuildFile; fileRef = 86E2193828353C280045A799 /* String+Ext.swift */; };
		86E2193B2835431A0045A799 /* Color+Ext.swift in Sources */ = {isa = PBXBuildFile; fileRef = 86E2193A2835431A0045A799 /* Color+Ext.swift */; };
		86E2193D283546850045A799 /* PasswordStrenght-Enum.swift in Sources */ = {isa = PBXBuildFile; fileRef = 86E2193C283546850045A799 /* PasswordStrenght-Enum.swift */; };
/* End PBXBuildFile section */

/* Begin PBXFileReference section */
		865B408428350FBB006B7ACF /* AppLogo.swift */ = {isa = PBXFileReference; lastKnownFileType = sourcecode.swift; path = AppLogo.swift; sourceTree = "<group>"; };
		865B408928351033006B7ACF /* PasswordTextField.swift */ = {isa = PBXFileReference; lastKnownFileType = sourcecode.swift; path = PasswordTextField.swift; sourceTree = "<group>"; };
		865B408B2835109F006B7ACF /* RangeSlider.swift */ = {isa = PBXFileReference; lastKnownFileType = sourcecode.swift; path = RangeSlider.swift; sourceTree = "<group>"; };
		865B408D283512D7006B7ACF /* RoundedButton.swift */ = {isa = PBXFileReference; lastKnownFileType = sourcecode.swift; path = RoundedButton.swift; sourceTree = "<group>"; };
		865B408F28351412006B7ACF /* SecularOne-Regular.ttf */ = {isa = PBXFileReference; lastKnownFileType = file; path = "SecularOne-Regular.ttf"; sourceTree = "<group>"; };
		865B409028351429006B7ACF /* MyPass-W-Info.plist */ = {isa = PBXFileReference; lastKnownFileType = text.plist; path = "MyPass-W-Info.plist"; sourceTree = SOURCE_ROOT; };
		865B4091283514BD006B7ACF /* Fonts-Enum.swift */ = {isa = PBXFileReference; lastKnownFileType = sourcecode.swift; path = "Fonts-Enum.swift"; sourceTree = "<group>"; };
		865B40942835155B006B7ACF /* SFSymbols-Enum.swift */ = {isa = PBXFileReference; lastKnownFileType = sourcecode.swift; path = "SFSymbols-Enum.swift"; sourceTree = "<group>"; };
		865B409628351709006B7ACF /* GeneratorViewViewModel.swift */ = {isa = PBXFileReference; lastKnownFileType = sourcecode.swift; path = GeneratorViewViewModel.swift; sourceTree = "<group>"; };
		867396B428D8B34800B972A7 /* Plurals-en_EN.stringsdict */ = {isa = PBXFileReference; lastKnownFileType = text.plist.stringsdict; path = "Plurals-en_EN.stringsdict"; sourceTree = "<group>"; };
		867396B628D8B63600B972A7 /* Plurals-fr_FR.stringsdict */ = {isa = PBXFileReference; lastKnownFileType = text.plist.stringsdict; path = "Plurals-fr_FR.stringsdict"; sourceTree = "<group>"; };
		8673F5122840E54600EB28BB /* AboutView.swift */ = {isa = PBXFileReference; lastKnownFileType = sourcecode.swift; path = AboutView.swift; sourceTree = "<group>"; };
		8673F5142840E9F900EB28BB /* LogoCard.swift */ = {isa = PBXFileReference; lastKnownFileType = sourcecode.swift; path = LogoCard.swift; sourceTree = "<group>"; };
		8673F5162840ED0200EB28BB /* SFSafariViewWrapper.swift */ = {isa = PBXFileReference; lastKnownFileType = sourcecode.swift; path = SFSafariViewWrapper.swift; sourceTree = "<group>"; };
		8673F5182840EFE300EB28BB /* Logo-Enum.swift */ = {isa = PBXFileReference; lastKnownFileType = sourcecode.swift; path = "Logo-Enum.swift"; sourceTree = "<group>"; };
		8673F5272840F1A000EB28BB /* DonateView.swift */ = {isa = PBXFileReference; lastKnownFileType = sourcecode.swift; path = DonateView.swift; sourceTree = "<group>"; };
		867FC34928357708009476D0 /* en */ = {isa = PBXFileReference; lastKnownFileType = text.plist.strings; name = en; path = en.lproj/Localizable.strings; sourceTree = "<group>"; };
		867FC34B2835770B009476D0 /* fr */ = {isa = PBXFileReference; lastKnownFileType = text.plist.strings; name = fr; path = fr.lproj/Localizable.strings; sourceTree = "<group>"; };
		867FC34C28357893009476D0 /* i18n-Enum.swift */ = {isa = PBXFileReference; lastKnownFileType = sourcecode.swift; path = "i18n-Enum.swift"; sourceTree = "<group>"; };
		867FC34E28357ED2009476D0 /* Double+Ext.swift */ = {isa = PBXFileReference; lastKnownFileType = sourcecode.swift; path = "Double+Ext.swift"; sourceTree = "<group>"; };
		868C908D2840127700035F21 /* PasswordStrengthViewModel.swift */ = {isa = PBXFileReference; lastKnownFileType = sourcecode.swift; path = PasswordStrengthViewModel.swift; sourceTree = "<group>"; };
		868C908F2840154D00035F21 /* ReviewHandler.swift */ = {isa = PBXFileReference; lastKnownFileType = sourcecode.swift; path = ReviewHandler.swift; sourceTree = "<group>"; };
		868C909328401A2D00035F21 /* MoreViewViewModel.swift */ = {isa = PBXFileReference; lastKnownFileType = sourcecode.swift; path = MoreViewViewModel.swift; sourceTree = "<group>"; };
		868F2C1B283FBD5900517D1F /* FormButton.swift */ = {isa = PBXFileReference; lastKnownFileType = sourcecode.swift; path = FormButton.swift; sourceTree = "<group>"; };
		868F2C1D283FBEDD00517D1F /* PasswordStrengthView.swift */ = {isa = PBXFileReference; lastKnownFileType = sourcecode.swift; path = PasswordStrengthView.swift; sourceTree = "<group>"; };
		868F2C1F283FC3E400517D1F /* StrengthCard.swift */ = {isa = PBXFileReference; lastKnownFileType = sourcecode.swift; path = StrengthCard.swift; sourceTree = "<group>"; };
		868F2C21283FC59500517D1F /* PWText.swift */ = {isa = PBXFileReference; lastKnownFileType = sourcecode.swift; path = PWText.swift; sourceTree = "<group>"; };
		86A1DA69283CD02A00C636DD /* View+Ext.swift */ = {isa = PBXFileReference; lastKnownFileType = sourcecode.swift; path = "View+Ext.swift"; sourceTree = "<group>"; };
		86A1DA6B283CD68300C636DD /* SwiftUISlider.swift */ = {isa = PBXFileReference; lastKnownFileType = sourcecode.swift; path = SwiftUISlider.swift; sourceTree = "<group>"; };
		86B1DD032846321D000F4704 /* DismissButton.swift */ = {isa = PBXFileReference; lastKnownFileType = sourcecode.swift; path = DismissButton.swift; sourceTree = "<group>"; };
		86B799D72834149800B27498 /* MyPass_W.app */ = {isa = PBXFileReference; explicitFileType = wrapper.application; includeInIndex = 0; path = MyPass_W.app; sourceTree = BUILT_PRODUCTS_DIR; };
		86B799DA2834149800B27498 /* MyPass_WApp.swift */ = {isa = PBXFileReference; lastKnownFileType = sourcecode.swift; path = MyPass_WApp.swift; sourceTree = "<group>"; };
		86B799DC2834149800B27498 /* GeneratorView.swift */ = {isa = PBXFileReference; lastKnownFileType = sourcecode.swift; path = GeneratorView.swift; sourceTree = "<group>"; };
		86B799DE2834149900B27498 /* Assets.xcassets */ = {isa = PBXFileReference; lastKnownFileType = folder.assetcatalog; path = Assets.xcassets; sourceTree = "<group>"; };
		86B799E12834149900B27498 /* Preview Assets.xcassets */ = {isa = PBXFileReference; lastKnownFileType = folder.assetcatalog; path = "Preview Assets.xcassets"; sourceTree = "<group>"; };
		86CA7E61283EBD8300400DDA /* MoreView.swift */ = {isa = PBXFileReference; lastKnownFileType = sourcecode.swift; path = MoreView.swift; sourceTree = "<group>"; };
		86CA7E63283EC01B00400DDA /* TabBar.swift */ = {isa = PBXFileReference; lastKnownFileType = sourcecode.swift; path = TabBar.swift; sourceTree = "<group>"; };
		86E2193828353C280045A799 /* String+Ext.swift */ = {isa = PBXFileReference; lastKnownFileType = sourcecode.swift; path = "String+Ext.swift"; sourceTree = "<group>"; };
		86E2193A2835431A0045A799 /* Color+Ext.swift */ = {isa = PBXFileReference; lastKnownFileType = sourcecode.swift; path = "Color+Ext.swift"; sourceTree = "<group>"; };
		86E2193C283546850045A799 /* PasswordStrenght-Enum.swift */ = {isa = PBXFileReference; lastKnownFileType = sourcecode.swift; path = "PasswordStrenght-Enum.swift"; sourceTree = "<group>"; };
/* End PBXFileReference section */

/* Begin PBXFrameworksBuildPhase section */
		86B799D42834149800B27498 /* Frameworks */ = {
			isa = PBXFrameworksBuildPhase;
			buildActionMask = 2147483647;
			files = (
			);
			runOnlyForDeploymentPostprocessing = 0;
		};
/* End PBXFrameworksBuildPhase section */

/* Begin PBXGroup section */
		865B408628350FD3006B7ACF /* Components */ = {
			isa = PBXGroup;
			children = (
				8673F51E2840F06000EB28BB /* Atoms */,
				8673F51F2840F06900EB28BB /* Molecules */,
				8673F5202840F09B00EB28BB /* Organisms */,
				86A1DA6D283CD77900C636DD /* UIKit */,
			);
			path = Components;
			sourceTree = "<group>";
		};
		865B408728350FDA006B7ACF /* View */ = {
			isa = PBXGroup;
			children = (
				8673F5212840F0B200EB28BB /* Main */,
				8673F5222840F0C200EB28BB /* Secondary */,
				865B408628350FD3006B7ACF /* Components */,
			);
			path = View;
			sourceTree = "<group>";
		};
		865B408828350FE6006B7ACF /* Support */ = {
			isa = PBXGroup;
			children = (
				86B799DA2834149800B27498 /* MyPass_WApp.swift */,
				865B408F28351412006B7ACF /* SecularOne-Regular.ttf */,
			);
			path = Support;
			sourceTree = "<group>";
		};
		865B4093283514DC006B7ACF /* Utils */ = {
			isa = PBXGroup;
			children = (
				8673F51A2840EFED00EB28BB /* Enums */,
				8673F51B2840F01500EB28BB /* Extensions */,
				8673F51D2840F03E00EB28BB /* i18n */,
				8673F51C2840F03000EB28BB /* Helper */,
			);
			path = Utils;
			sourceTree = "<group>";
		};
		865B40982835170F006B7ACF /* ViewModel */ = {
			isa = PBXGroup;
			children = (
				8673F5242840F0E100EB28BB /* Main */,
				8673F5252840F0EA00EB28BB /* Secondary */,
			);
			path = ViewModel;
			sourceTree = "<group>";
		};
		8673F51A2840EFED00EB28BB /* Enums */ = {
			isa = PBXGroup;
			children = (
				865B40942835155B006B7ACF /* SFSymbols-Enum.swift */,
				865B4091283514BD006B7ACF /* Fonts-Enum.swift */,
				86E2193C283546850045A799 /* PasswordStrenght-Enum.swift */,
				8673F5182840EFE300EB28BB /* Logo-Enum.swift */,
				867FC34C28357893009476D0 /* i18n-Enum.swift */,
			);
			path = Enums;
			sourceTree = "<group>";
		};
		8673F51B2840F01500EB28BB /* Extensions */ = {
			isa = PBXGroup;
			children = (
				86E2193A2835431A0045A799 /* Color+Ext.swift */,
				867FC34E28357ED2009476D0 /* Double+Ext.swift */,
				86A1DA69283CD02A00C636DD /* View+Ext.swift */,
				86E2193828353C280045A799 /* String+Ext.swift */,
			);
			path = Extensions;
			sourceTree = "<group>";
		};
		8673F51C2840F03000EB28BB /* Helper */ = {
			isa = PBXGroup;
			children = (
				868C908F2840154D00035F21 /* ReviewHandler.swift */,
			);
			path = Helper;
			sourceTree = "<group>";
		};
		8673F51D2840F03E00EB28BB /* i18n */ = {
			isa = PBXGroup;
			children = (
				867FC34A28357708009476D0 /* Localizable.strings */,
				867396B428D8B34800B972A7 /* Plurals-en_EN.stringsdict */,
				867396B628D8B63600B972A7 /* Plurals-fr_FR.stringsdict */,
			);
			path = i18n;
			sourceTree = "<group>";
		};
		8673F51E2840F06000EB28BB /* Atoms */ = {
			isa = PBXGroup;
			children = (
				865B408928351033006B7ACF /* PasswordTextField.swift */,
				868F2C21283FC59500517D1F /* PWText.swift */,
				86B1DD032846321D000F4704 /* DismissButton.swift */,
			);
			path = Atoms;
			sourceTree = "<group>";
		};
		8673F51F2840F06900EB28BB /* Molecules */ = {
			isa = PBXGroup;
			children = (
				865B408428350FBB006B7ACF /* AppLogo.swift */,
				868F2C1F283FC3E400517D1F /* StrengthCard.swift */,
				865B408D283512D7006B7ACF /* RoundedButton.swift */,
				868F2C1B283FBD5900517D1F /* FormButton.swift */,
				8673F5142840E9F900EB28BB /* LogoCard.swift */,
			);
			path = Molecules;
			sourceTree = "<group>";
		};
		8673F5202840F09B00EB28BB /* Organisms */ = {
			isa = PBXGroup;
			children = (
				865B408B2835109F006B7ACF /* RangeSlider.swift */,
			);
			path = Organisms;
			sourceTree = "<group>";
		};
		8673F5212840F0B200EB28BB /* Main */ = {
			isa = PBXGroup;
			children = (
				86CA7E63283EC01B00400DDA /* TabBar.swift */,
				86B799DC2834149800B27498 /* GeneratorView.swift */,
				86CA7E61283EBD8300400DDA /* MoreView.swift */,
			);
			path = Main;
			sourceTree = "<group>";
		};
		8673F5222840F0C200EB28BB /* Secondary */ = {
			isa = PBXGroup;
			children = (
				8673F5232840F0C900EB28BB /* More */,
			);
			path = Secondary;
			sourceTree = "<group>";
		};
		8673F5232840F0C900EB28BB /* More */ = {
			isa = PBXGroup;
			children = (
				8673F5122840E54600EB28BB /* AboutView.swift */,
				868F2C1D283FBEDD00517D1F /* PasswordStrengthView.swift */,
				8673F5272840F1A000EB28BB /* DonateView.swift */,
			);
			path = More;
			sourceTree = "<group>";
		};
		8673F5242840F0E100EB28BB /* Main */ = {
			isa = PBXGroup;
			children = (
				865B409628351709006B7ACF /* GeneratorViewViewModel.swift */,
				868C909328401A2D00035F21 /* MoreViewViewModel.swift */,
			);
			path = Main;
			sourceTree = "<group>";
		};
		8673F5252840F0EA00EB28BB /* Secondary */ = {
			isa = PBXGroup;
			children = (
				8673F5262840F0F300EB28BB /* More */,
			);
			path = Secondary;
			sourceTree = "<group>";
		};
		8673F5262840F0F300EB28BB /* More */ = {
			isa = PBXGroup;
			children = (
				868C908D2840127700035F21 /* PasswordStrengthViewModel.swift */,
			);
			path = More;
			sourceTree = "<group>";
		};
		86A1DA6D283CD77900C636DD /* UIKit */ = {
			isa = PBXGroup;
			children = (
				86A1DA6B283CD68300C636DD /* SwiftUISlider.swift */,
				8673F5162840ED0200EB28BB /* SFSafariViewWrapper.swift */,
			);
			path = UIKit;
			sourceTree = "<group>";
		};
		86B799CE2834149800B27498 = {
			isa = PBXGroup;
			children = (
				86B799D92834149800B27498 /* MyPass_W */,
				86B799D82834149800B27498 /* Products */,
			);
			sourceTree = "<group>";
		};
		86B799D82834149800B27498 /* Products */ = {
			isa = PBXGroup;
			children = (
				86B799D72834149800B27498 /* MyPass_W.app */,
			);
			name = Products;
			sourceTree = "<group>";
		};
		86B799D92834149800B27498 /* MyPass_W */ = {
			isa = PBXGroup;
			children = (
				865B409028351429006B7ACF /* MyPass-W-Info.plist */,
				865B40982835170F006B7ACF /* ViewModel */,
				865B408728350FDA006B7ACF /* View */,
				865B408828350FE6006B7ACF /* Support */,
				865B4093283514DC006B7ACF /* Utils */,
				86B799DE2834149900B27498 /* Assets.xcassets */,
				86B799E02834149900B27498 /* Preview Content */,
			);
			path = MyPass_W;
			sourceTree = "<group>";
		};
		86B799E02834149900B27498 /* Preview Content */ = {
			isa = PBXGroup;
			children = (
				86B799E12834149900B27498 /* Preview Assets.xcassets */,
			);
			path = "Preview Content";
			sourceTree = "<group>";
		};
/* End PBXGroup section */

/* Begin PBXNativeTarget section */
		86B799D62834149800B27498 /* MyPass_W */ = {
			isa = PBXNativeTarget;
			buildConfigurationList = 86B799E52834149900B27498 /* Build configuration list for PBXNativeTarget "MyPass_W" */;
			buildPhases = (
				86B799D32834149800B27498 /* Sources */,
				86B799D42834149800B27498 /* Frameworks */,
				86B799D52834149800B27498 /* Resources */,
			);
			buildRules = (
			);
			dependencies = (
			);
			name = MyPass_W;
			productName = MyPass_W;
			productReference = 86B799D72834149800B27498 /* MyPass_W.app */;
			productType = "com.apple.product-type.application";
		};
/* End PBXNativeTarget section */

/* Begin PBXProject section */
		86B799CF2834149800B27498 /* Project object */ = {
			isa = PBXProject;
			attributes = {
				BuildIndependentTargetsInParallel = 1;
				LastSwiftUpdateCheck = 1330;
				LastUpgradeCheck = 1340;
				TargetAttributes = {
					86B799D62834149800B27498 = {
						CreatedOnToolsVersion = 13.3.1;
					};
				};
			};
			buildConfigurationList = 86B799D22834149800B27498 /* Build configuration list for PBXProject "MyPass_W" */;
			compatibilityVersion = "Xcode 13.0";
			developmentRegion = en;
			hasScannedForEncodings = 0;
			knownRegions = (
				en,
				Base,
				fr,
			);
			mainGroup = 86B799CE2834149800B27498;
			productRefGroup = 86B799D82834149800B27498 /* Products */;
			projectDirPath = "";
			projectRoot = "";
			targets = (
				86B799D62834149800B27498 /* MyPass_W */,
			);
		};
/* End PBXProject section */

/* Begin PBXResourcesBuildPhase section */
		86B799D52834149800B27498 /* Resources */ = {
			isa = PBXResourcesBuildPhase;
			buildActionMask = 2147483647;
			files = (
				867396B728D8B63600B972A7 /* Plurals-fr_FR.stringsdict in Resources */,
				86B799E22834149900B27498 /* Preview Assets.xcassets in Resources */,
				867FC34828357708009476D0 /* Localizable.strings in Resources */,
				867396B528D8B34800B972A7 /* Plurals-en_EN.stringsdict in Resources */,
				86B799DF2834149900B27498 /* Assets.xcassets in Resources */,
			);
			runOnlyForDeploymentPostprocessing = 0;
		};
/* End PBXResourcesBuildPhase section */

/* Begin PBXSourcesBuildPhase section */
		86B799D32834149800B27498 /* Sources */ = {
			isa = PBXSourcesBuildPhase;
			buildActionMask = 2147483647;
			files = (
				868C909428401A2D00035F21 /* MoreViewViewModel.swift in Sources */,
				865B4092283514BD006B7ACF /* Fonts-Enum.swift in Sources */,
				86E2193B2835431A0045A799 /* Color+Ext.swift in Sources */,
				86A1DA6A283CD02A00C636DD /* View+Ext.swift in Sources */,
				8673F5132840E54600EB28BB /* AboutView.swift in Sources */,
				86E2193928353C280045A799 /* String+Ext.swift in Sources */,
				86B799DD2834149800B27498 /* GeneratorView.swift in Sources */,
				8673F5152840E9F900EB28BB /* LogoCard.swift in Sources */,
				867FC34F28357ED2009476D0 /* Double+Ext.swift in Sources */,
				865B409728351709006B7ACF /* GeneratorViewViewModel.swift in Sources */,
				868F2C22283FC59500517D1F /* PWText.swift in Sources */,
				8673F5282840F1A000EB28BB /* DonateView.swift in Sources */,
				865B408E283512D7006B7ACF /* RoundedButton.swift in Sources */,
				86B799DB2834149800B27498 /* MyPass_WApp.swift in Sources */,
				865B40952835155B006B7ACF /* SFSymbols-Enum.swift in Sources */,
				868F2C1C283FBD5900517D1F /* FormButton.swift in Sources */,
				86CA7E64283EC01B00400DDA /* TabBar.swift in Sources */,
				865B408A28351033006B7ACF /* PasswordTextField.swift in Sources */,
				8673F5192840EFE300EB28BB /* Logo-Enum.swift in Sources */,
				868C90902840154D00035F21 /* ReviewHandler.swift in Sources */,
				865B408528350FBB006B7ACF /* AppLogo.swift in Sources */,
				868C908E2840127700035F21 /* PasswordStrengthViewModel.swift in Sources */,
				868F2C1E283FBEDD00517D1F /* PasswordStrengthView.swift in Sources */,
				86E2193D283546850045A799 /* PasswordStrenght-Enum.swift in Sources */,
				86B1DD042846321D000F4704 /* DismissButton.swift in Sources */,
				867FC34D28357893009476D0 /* i18n-Enum.swift in Sources */,
				86CA7E62283EBD8300400DDA /* MoreView.swift in Sources */,
				86A1DA6C283CD68300C636DD /* SwiftUISlider.swift in Sources */,
				865B408C2835109F006B7ACF /* RangeSlider.swift in Sources */,
				868F2C20283FC3E400517D1F /* StrengthCard.swift in Sources */,
				8673F5172840ED0200EB28BB /* SFSafariViewWrapper.swift in Sources */,
			);
			runOnlyForDeploymentPostprocessing = 0;
		};
/* End PBXSourcesBuildPhase section */

/* Begin PBXVariantGroup section */
		867FC34A28357708009476D0 /* Localizable.strings */ = {
			isa = PBXVariantGroup;
			children = (
				867FC34928357708009476D0 /* en */,
				867FC34B2835770B009476D0 /* fr */,
			);
			name = Localizable.strings;
			sourceTree = "<group>";
		};
/* End PBXVariantGroup section */

/* Begin XCBuildConfiguration section */
		86B799E32834149900B27498 /* Debug */ = {
			isa = XCBuildConfiguration;
			buildSettings = {
				ALWAYS_SEARCH_USER_PATHS = NO;
				CLANG_ANALYZER_LOCALIZABILITY_NONLOCALIZED = YES;
				CLANG_ANALYZER_NONNULL = YES;
				CLANG_ANALYZER_NUMBER_OBJECT_CONVERSION = YES_AGGRESSIVE;
				CLANG_CXX_LANGUAGE_STANDARD = "gnu++17";
				CLANG_ENABLE_MODULES = YES;
				CLANG_ENABLE_OBJC_ARC = YES;
				CLANG_ENABLE_OBJC_WEAK = YES;
				CLANG_WARN_BLOCK_CAPTURE_AUTORELEASING = YES;
				CLANG_WARN_BOOL_CONVERSION = YES;
				CLANG_WARN_COMMA = YES;
				CLANG_WARN_CONSTANT_CONVERSION = YES;
				CLANG_WARN_DEPRECATED_OBJC_IMPLEMENTATIONS = YES;
				CLANG_WARN_DIRECT_OBJC_ISA_USAGE = YES_ERROR;
				CLANG_WARN_DOCUMENTATION_COMMENTS = YES;
				CLANG_WARN_EMPTY_BODY = YES;
				CLANG_WARN_ENUM_CONVERSION = YES;
				CLANG_WARN_INFINITE_RECURSION = YES;
				CLANG_WARN_INT_CONVERSION = YES;
				CLANG_WARN_NON_LITERAL_NULL_CONVERSION = YES;
				CLANG_WARN_OBJC_IMPLICIT_RETAIN_SELF = YES;
				CLANG_WARN_OBJC_LITERAL_CONVERSION = YES;
				CLANG_WARN_OBJC_ROOT_CLASS = YES_ERROR;
				CLANG_WARN_QUOTED_INCLUDE_IN_FRAMEWORK_HEADER = YES;
				CLANG_WARN_RANGE_LOOP_ANALYSIS = YES;
				CLANG_WARN_STRICT_PROTOTYPES = YES;
				CLANG_WARN_SUSPICIOUS_MOVE = YES;
				CLANG_WARN_UNGUARDED_AVAILABILITY = YES_AGGRESSIVE;
				CLANG_WARN_UNREACHABLE_CODE = YES;
				CLANG_WARN__DUPLICATE_METHOD_MATCH = YES;
				COPY_PHASE_STRIP = NO;
				DEBUG_INFORMATION_FORMAT = dwarf;
				ENABLE_STRICT_OBJC_MSGSEND = YES;
				ENABLE_TESTABILITY = YES;
				GCC_C_LANGUAGE_STANDARD = gnu11;
				GCC_DYNAMIC_NO_PIC = NO;
				GCC_NO_COMMON_BLOCKS = YES;
				GCC_OPTIMIZATION_LEVEL = 0;
				GCC_PREPROCESSOR_DEFINITIONS = (
					"DEBUG=1",
					"$(inherited)",
				);
				GCC_WARN_64_TO_32_BIT_CONVERSION = YES;
				GCC_WARN_ABOUT_RETURN_TYPE = YES_ERROR;
				GCC_WARN_UNDECLARED_SELECTOR = YES;
				GCC_WARN_UNINITIALIZED_AUTOS = YES_AGGRESSIVE;
				GCC_WARN_UNUSED_FUNCTION = YES;
				GCC_WARN_UNUSED_VARIABLE = YES;
				IPHONEOS_DEPLOYMENT_TARGET = 15.0;
				MTL_ENABLE_DEBUG_INFO = INCLUDE_SOURCE;
				MTL_FAST_MATH = YES;
				ONLY_ACTIVE_ARCH = YES;
				SDKROOT = iphoneos;
				SWIFT_ACTIVE_COMPILATION_CONDITIONS = DEBUG;
				SWIFT_OPTIMIZATION_LEVEL = "-Onone";
			};
			name = Debug;
		};
		86B799E42834149900B27498 /* Release */ = {
			isa = XCBuildConfiguration;
			buildSettings = {
				ALWAYS_SEARCH_USER_PATHS = NO;
				CLANG_ANALYZER_LOCALIZABILITY_NONLOCALIZED = YES;
				CLANG_ANALYZER_NONNULL = YES;
				CLANG_ANALYZER_NUMBER_OBJECT_CONVERSION = YES_AGGRESSIVE;
				CLANG_CXX_LANGUAGE_STANDARD = "gnu++17";
				CLANG_ENABLE_MODULES = YES;
				CLANG_ENABLE_OBJC_ARC = YES;
				CLANG_ENABLE_OBJC_WEAK = YES;
				CLANG_WARN_BLOCK_CAPTURE_AUTORELEASING = YES;
				CLANG_WARN_BOOL_CONVERSION = YES;
				CLANG_WARN_COMMA = YES;
				CLANG_WARN_CONSTANT_CONVERSION = YES;
				CLANG_WARN_DEPRECATED_OBJC_IMPLEMENTATIONS = YES;
				CLANG_WARN_DIRECT_OBJC_ISA_USAGE = YES_ERROR;
				CLANG_WARN_DOCUMENTATION_COMMENTS = YES;
				CLANG_WARN_EMPTY_BODY = YES;
				CLANG_WARN_ENUM_CONVERSION = YES;
				CLANG_WARN_INFINITE_RECURSION = YES;
				CLANG_WARN_INT_CONVERSION = YES;
				CLANG_WARN_NON_LITERAL_NULL_CONVERSION = YES;
				CLANG_WARN_OBJC_IMPLICIT_RETAIN_SELF = YES;
				CLANG_WARN_OBJC_LITERAL_CONVERSION = YES;
				CLANG_WARN_OBJC_ROOT_CLASS = YES_ERROR;
				CLANG_WARN_QUOTED_INCLUDE_IN_FRAMEWORK_HEADER = YES;
				CLANG_WARN_RANGE_LOOP_ANALYSIS = YES;
				CLANG_WARN_STRICT_PROTOTYPES = YES;
				CLANG_WARN_SUSPICIOUS_MOVE = YES;
				CLANG_WARN_UNGUARDED_AVAILABILITY = YES_AGGRESSIVE;
				CLANG_WARN_UNREACHABLE_CODE = YES;
				CLANG_WARN__DUPLICATE_METHOD_MATCH = YES;
				COPY_PHASE_STRIP = NO;
				DEBUG_INFORMATION_FORMAT = "dwarf-with-dsym";
				ENABLE_NS_ASSERTIONS = NO;
				ENABLE_STRICT_OBJC_MSGSEND = YES;
				GCC_C_LANGUAGE_STANDARD = gnu11;
				GCC_NO_COMMON_BLOCKS = YES;
				GCC_WARN_64_TO_32_BIT_CONVERSION = YES;
				GCC_WARN_ABOUT_RETURN_TYPE = YES_ERROR;
				GCC_WARN_UNDECLARED_SELECTOR = YES;
				GCC_WARN_UNINITIALIZED_AUTOS = YES_AGGRESSIVE;
				GCC_WARN_UNUSED_FUNCTION = YES;
				GCC_WARN_UNUSED_VARIABLE = YES;
				IPHONEOS_DEPLOYMENT_TARGET = 15.0;
				MTL_ENABLE_DEBUG_INFO = NO;
				MTL_FAST_MATH = YES;
				SDKROOT = iphoneos;
				SWIFT_COMPILATION_MODE = wholemodule;
				SWIFT_OPTIMIZATION_LEVEL = "-O";
				VALIDATE_PRODUCT = YES;
			};
			name = Release;
		};
		86B799E62834149900B27498 /* Debug */ = {
			isa = XCBuildConfiguration;
			buildSettings = {
				ASSETCATALOG_COMPILER_APPICON_NAME = AppIcon;
				ASSETCATALOG_COMPILER_GLOBAL_ACCENT_COLOR_NAME = AccentColor;
				CODE_SIGN_STYLE = Automatic;
				CURRENT_PROJECT_VERSION = 3;
				DEVELOPMENT_ASSET_PATHS = "\"MyPass_W/Preview Content\"";
				DEVELOPMENT_TEAM = N96T5K2D2H;
				ENABLE_PREVIEWS = YES;
				GENERATE_INFOPLIST_FILE = YES;
				INFOPLIST_FILE = "MyPass-W-Info.plist";
				INFOPLIST_KEY_UIApplicationSceneManifest_Generation = YES;
				INFOPLIST_KEY_UIApplicationSupportsIndirectInputEvents = YES;
				INFOPLIST_KEY_UILaunchScreen_Generation = YES;
				INFOPLIST_KEY_UISupportedInterfaceOrientations_iPad = "UIInterfaceOrientationPortrait UIInterfaceOrientationPortraitUpsideDown UIInterfaceOrientationLandscapeLeft UIInterfaceOrientationLandscapeRight";
				INFOPLIST_KEY_UISupportedInterfaceOrientations_iPhone = "UIInterfaceOrientationPortrait UIInterfaceOrientationLandscapeLeft UIInterfaceOrientationLandscapeRight";
				LD_RUNPATH_SEARCH_PATHS = (
					"$(inherited)",
					"@executable_path/Frameworks",
				);
				MARKETING_VERSION = 0.2.0;
				PRODUCT_BUNDLE_IDENTIFIER = "oriapy.My-Pass-W";
				PRODUCT_NAME = "$(TARGET_NAME)";
				SWIFT_EMIT_LOC_STRINGS = YES;
				SWIFT_VERSION = 5.0;
				TARGETED_DEVICE_FAMILY = 1;
			};
			name = Debug;
		};
		86B799E72834149900B27498 /* Release */ = {
			isa = XCBuildConfiguration;
			buildSettings = {
				ASSETCATALOG_COMPILER_APPICON_NAME = AppIcon;
				ASSETCATALOG_COMPILER_GLOBAL_ACCENT_COLOR_NAME = AccentColor;
				CODE_SIGN_STYLE = Automatic;
				CURRENT_PROJECT_VERSION = 2;
				DEVELOPMENT_ASSET_PATHS = "\"MyPass_W/Preview Content\"";
				DEVELOPMENT_TEAM = N96T5K2D2H;
				ENABLE_PREVIEWS = YES;
				GENERATE_INFOPLIST_FILE = YES;
				INFOPLIST_FILE = "MyPass-W-Info.plist";
				INFOPLIST_KEY_UIApplicationSceneManifest_Generation = YES;
				INFOPLIST_KEY_UIApplicationSupportsIndirectInputEvents = YES;
				INFOPLIST_KEY_UILaunchScreen_Generation = YES;
				INFOPLIST_KEY_UISupportedInterfaceOrientations_iPad = "UIInterfaceOrientationPortrait UIInterfaceOrientationPortraitUpsideDown UIInterfaceOrientationLandscapeLeft UIInterfaceOrientationLandscapeRight";
				INFOPLIST_KEY_UISupportedInterfaceOrientations_iPhone = "UIInterfaceOrientationPortrait UIInterfaceOrientationLandscapeLeft UIInterfaceOrientationLandscapeRight";
				LD_RUNPATH_SEARCH_PATHS = (
					"$(inherited)",
					"@executable_path/Frameworks",
				);
				MARKETING_VERSION = 0.2.0;
				PRODUCT_BUNDLE_IDENTIFIER = "oriapy.My-Pass-W";
				PRODUCT_NAME = "$(TARGET_NAME)";
				SWIFT_EMIT_LOC_STRINGS = YES;
				SWIFT_VERSION = 5.0;
				TARGETED_DEVICE_FAMILY = 1;
			};
			name = Release;
		};
/* End XCBuildConfiguration section */

/* Begin XCConfigurationList section */
		86B799D22834149800B27498 /* Build configuration list for PBXProject "MyPass_W" */ = {
			isa = XCConfigurationList;
			buildConfigurations = (
				86B799E32834149900B27498 /* Debug */,
				86B799E42834149900B27498 /* Release */,
			);
			defaultConfigurationIsVisible = 0;
			defaultConfigurationName = Release;
		};
		86B799E52834149900B27498 /* Build configuration list for PBXNativeTarget "MyPass_W" */ = {
			isa = XCConfigurationList;
			buildConfigurations = (
				86B799E62834149900B27498 /* Debug */,
				86B799E72834149900B27498 /* Release */,
			);
			defaultConfigurationIsVisible = 0;
			defaultConfigurationName = Release;
		};
/* End XCConfigurationList section */
	};
	rootObject = 86B799CF2834149800B27498 /* Project object */;
}
